
Microsoft Visual Studio Solution File, Format Version 12.00
# Visual Studio Version 17
VisualStudioVersion = 17.9.34607.119
MinimumVisualStudioVersion = 10.0.40219.1
Project("{FAE04EC0-301F-11D3-BF4B-00C04F79EFBC}") = "NetCore8MVC4", "NetCore8MVC4.csproj", "{4F41598C-EB45-4C89-98FE-C289C91F8C4F}"
EndProject
Global
	GlobalSection(SolutionConfigurationPlatforms) = preSolution
		Debug|Any CPU = Debug|Any CPU
		Release|Any CPU = Release|Any CPU
	EndGlobalSection
	GlobalSection(ProjectConfigurationPlatforms) = postSolution
		{4F41598C-EB45-4C89-98FE-C289C91F8C4F}.Debug|Any CPU.ActiveCfg = Debug|Any CPU
		{4F41598C-EB45-4C89-98FE-C289C91F8C4F}.Debug|Any CPU.Build.0 = Debug|Any CPU
		{4F41598C-EB45-4C89-98FE-C289C91F8C4F}.Release|Any CPU.ActiveCfg = Release|Any CPU
		{4F41598C-EB45-4C89-98FE-C289C91F8C4F}.Release|Any CPU.Build.0 = Release|Any CPU
	EndGlobalSection
	GlobalSection(SolutionProperties) = preSolution
		HideSolutionNode = FALSE
	EndGlobalSection
	GlobalSection(ExtensibilityGlobals) = postSolution
		SolutionGuid = {D340573D-0013-45F4-8008-B62874093ACE}
	EndGlobalSection
EndGlobal
